
Microsoft Visual Studio Solution File, Format Version 12.00
# Visual Studio Version 17
VisualStudioVersion = 17.0.31903.59
MinimumVisualStudioVersion = 10.0.40219.1
Project("{FAE04EC0-301F-11D3-BF4B-00C04F79EFBC}") = "Buildora.WebApi", "Buildora.WebApi\Buildora.WebApi.csproj", "{0E966D1A-80C0-4FD4-8D71-0C4A76A2C2D6}"
EndProject
Project("{FAE04EC0-301F-11D3-BF4B-00C04F79EFBC}") = "Buildora.Domain", "Buildora.Domain\Buildora.Domain.csproj", "{2A530A5D-19D1-4312-83F6-5B52769FA635}"
EndProject
Project("{FAE04EC0-301F-11D3-BF4B-00C04F79EFBC}") = "Buildora.Application", "Buildora.Application\Buildora.Application.csproj", "{842D9378-0BF8-479F-B8EE-A3B3136C097F}"
EndProject
Project("{FAE04EC0-301F-11D3-BF4B-00C04F79EFBC}") = "Buildora.Infrastructure", "Buildora.Infrastructure\Buildora.Infrastructure.csproj", "{BC48E92C-7AEB-419F-BD02-5D41B6AA103E}"
EndProject
Global
	GlobalSection(SolutionConfigurationPlatforms) = preSolution
		Debug|Any CPU = Debug|Any CPU
		Release|Any CPU = Release|Any CPU
	EndGlobalSection
	GlobalSection(ProjectConfigurationPlatforms) = postSolution
		{0E966D1A-80C0-4FD4-8D71-0C4A76A2C2D6}.Debug|Any CPU.ActiveCfg = Debug|Any CPU
		{0E966D1A-80C0-4FD4-8D71-0C4A76A2C2D6}.Debug|Any CPU.Build.0 = Debug|Any CPU
		{0E966D1A-80C0-4FD4-8D71-0C4A76A2C2D6}.Release|Any CPU.ActiveCfg = Release|Any CPU
		{0E966D1A-80C0-4FD4-8D71-0C4A76A2C2D6}.Release|Any CPU.Build.0 = Release|Any CPU
		{2A530A5D-19D1-4312-83F6-5B52769FA635}.Debug|Any CPU.ActiveCfg = Debug|Any CPU
		{2A530A5D-19D1-4312-83F6-5B52769FA635}.Debug|Any CPU.Build.0 = Debug|Any CPU
		{2A530A5D-19D1-4312-83F6-5B52769FA635}.Release|Any CPU.ActiveCfg = Release|Any CPU
		{2A530A5D-19D1-4312-83F6-5B52769FA635}.Release|Any CPU.Build.0 = Release|Any CPU
		{842D9378-0BF8-479F-B8EE-A3B3136C097F}.Debug|Any CPU.ActiveCfg = Debug|Any CPU
		{842D9378-0BF8-479F-B8EE-A3B3136C097F}.Debug|Any CPU.Build.0 = Debug|Any CPU
		{842D9378-0BF8-479F-B8EE-A3B3136C097F}.Release|Any CPU.ActiveCfg = Release|Any CPU
		{842D9378-0BF8-479F-B8EE-A3B3136C097F}.Release|Any CPU.Build.0 = Release|Any CPU
		{BC48E92C-7AEB-419F-BD02-5D41B6AA103E}.Debug|Any CPU.ActiveCfg = Debug|Any CPU
		{BC48E92C-7AEB-419F-BD02-5D41B6AA103E}.Debug|Any CPU.Build.0 = Debug|Any CPU
		{BC48E92C-7AEB-419F-BD02-5D41B6AA103E}.Release|Any CPU.ActiveCfg = Release|Any CPU
		{BC48E92C-7AEB-419F-BD02-5D41B6AA103E}.Release|Any CPU.Build.0 = Release|Any CPU
	EndGlobalSection
	GlobalSection(SolutionProperties) = preSolution
		HideSolutionNode = FALSE
	EndGlobalSection
EndGlobal
